
Microsoft Visual Studio Solution File, Format Version 12.00
# Visual Studio Version 16
VisualStudioVersion = 16.0.30523.141
MinimumVisualStudioVersion = 10.0.40219.1
Project("{FAE04EC0-301F-11D3-BF4B-00C04F79EFBC}") = "UITMBER.Android", "UITMBER\UITMBER.Android\UITMBER.Android.csproj", "{2D5569E3-74EF-4F12-A9EB-BFA309CE2887}"
EndProject
Project("{FAE04EC0-301F-11D3-BF4B-00C04F79EFBC}") = "UITMBER.iOS", "UITMBER\UITMBER.iOS\UITMBER.iOS.csproj", "{7BCBA8DC-DD4C-4FCF-9A2C-536ECEF0F1B9}"
EndProject
Project("{FAE04EC0-301F-11D3-BF4B-00C04F79EFBC}") = "UITMBER", "UITMBER\UITMBER\UITMBER.csproj", "{358242BC-4010-47AF-B915-754D039DB066}"
EndProject
Global
	GlobalSection(SolutionConfigurationPlatforms) = preSolution
		Debug|Any CPU = Debug|Any CPU
		Debug|iPhone = Debug|iPhone
		Debug|iPhoneSimulator = Debug|iPhoneSimulator
		Release|Any CPU = Release|Any CPU
		Release|iPhone = Release|iPhone
		Release|iPhoneSimulator = Release|iPhoneSimulator
	EndGlobalSection
	GlobalSection(ProjectConfigurationPlatforms) = postSolution
		{2D5569E3-74EF-4F12-A9EB-BFA309CE2887}.Debug|Any CPU.ActiveCfg = Debug|Any CPU
		{2D5569E3-74EF-4F12-A9EB-BFA309CE2887}.Debug|Any CPU.Build.0 = Debug|Any CPU
		{2D5569E3-74EF-4F12-A9EB-BFA309CE2887}.Debug|Any CPU.Deploy.0 = Debug|Any CPU
		{2D5569E3-74EF-4F12-A9EB-BFA309CE2887}.Debug|iPhone.ActiveCfg = Debug|Any CPU
		{2D5569E3-74EF-4F12-A9EB-BFA309CE2887}.Debug|iPhone.Build.0 = Debug|Any CPU
		{2D5569E3-74EF-4F12-A9EB-BFA309CE2887}.Debug|iPhone.Deploy.0 = Debug|Any CPU
		{2D5569E3-74EF-4F12-A9EB-BFA309CE2887}.Debug|iPhoneSimulator.ActiveCfg = Debug|Any CPU
		{2D5569E3-74EF-4F12-A9EB-BFA309CE2887}.Debug|iPhoneSimulator.Build.0 = Debug|Any CPU
		{2D5569E3-74EF-4F12-A9EB-BFA309CE2887}.Debug|iPhoneSimulator.Deploy.0 = Debug|Any CPU
		{2D5569E3-74EF-4F12-A9EB-BFA309CE2887}.Release|Any CPU.ActiveCfg = Release|Any CPU
		{2D5569E3-74EF-4F12-A9EB-BFA309CE2887}.Release|Any CPU.Build.0 = Release|Any CPU
		{2D5569E3-74EF-4F12-A9EB-BFA309CE2887}.Release|Any CPU.Deploy.0 = Release|Any CPU
		{2D5569E3-74EF-4F12-A9EB-BFA309CE2887}.Release|iPhone.ActiveCfg = Release|Any CPU
		{2D5569E3-74EF-4F12-A9EB-BFA309CE2887}.Release|iPhone.Build.0 = Release|Any CPU
		{2D5569E3-74EF-4F12-A9EB-BFA309CE2887}.Release|iPhone.Deploy.0 = Release|Any CPU
		{2D5569E3-74EF-4F12-A9EB-BFA309CE2887}.Release|iPhoneSimulator.ActiveCfg = Release|Any CPU
		{2D5569E3-74EF-4F12-A9EB-BFA309CE2887}.Release|iPhoneSimulator.Build.0 = Release|Any CPU
		{2D5569E3-74EF-4F12-A9EB-BFA309CE2887}.Release|iPhoneSimulator.Deploy.0 = Release|Any CPU
		{7BCBA8DC-DD4C-4FCF-9A2C-536ECEF0F1B9}.Debug|Any CPU.ActiveCfg = Debug|iPhone
		{7BCBA8DC-DD4C-4FCF-9A2C-536ECEF0F1B9}.Debug|Any CPU.Build.0 = Debug|iPhone
		{7BCBA8DC-DD4C-4FCF-9A2C-536ECEF0F1B9}.Debug|Any CPU.Deploy.0 = Debug|iPhone
		{7BCBA8DC-DD4C-4FCF-9A2C-536ECEF0F1B9}.Debug|iPhone.ActiveCfg = Debug|iPhone
		{7BCBA8DC-DD4C-4FCF-9A2C-536ECEF0F1B9}.Debug|iPhone.Build.0 = Debug|iPhone
		{7BCBA8DC-DD4C-4FCF-9A2C-536ECEF0F1B9}.Debug|iPhone.Deploy.0 = Debug|iPhone
		{7BCBA8DC-DD4C-4FCF-9A2C-536ECEF0F1B9}.Debug|iPhoneSimulator.ActiveCfg = Debug|iPhoneSimulator
		{7BCBA8DC-DD4C-4FCF-9A2C-536ECEF0F1B9}.Debug|iPhoneSimulator.Build.0 = Debug|iPhoneSimulator
		{7BCBA8DC-DD4C-4FCF-9A2C-536ECEF0F1B9}.Debug|iPhoneSimulator.Deploy.0 = Debug|iPhoneSimulator
		{7BCBA8DC-DD4C-4FCF-9A2C-536ECEF0F1B9}.Release|Any CPU.ActiveCfg = Release|iPhoneSimulator
		{7BCBA8DC-DD4C-4FCF-9A2C-536ECEF0F1B9}.Release|Any CPU.Build.0 = Release|iPhoneSimulator
		{7BCBA8DC-DD4C-4FCF-9A2C-536ECEF0F1B9}.Release|Any CPU.Deploy.0 = Release|iPhoneSimulator
		{7BCBA8DC-DD4C-4FCF-9A2C-536ECEF0F1B9}.Release|iPhone.ActiveCfg = Release|iPhone
		{7BCBA8DC-DD4C-4FCF-9A2C-536ECEF0F1B9}.Release|iPhone.Build.0 = Release|iPhone
		{7BCBA8DC-DD4C-4FCF-9A2C-536ECEF0F1B9}.Release|iPhone.Deploy.0 = Release|iPhone
		{7BCBA8DC-DD4C-4FCF-9A2C-536ECEF0F1B9}.Release|iPhoneSimulator.ActiveCfg = Release|iPhoneSimulator
		{7BCBA8DC-DD4C-4FCF-9A2C-536ECEF0F1B9}.Release|iPhoneSimulator.Build.0 = Release|iPhoneSimulator
		{7BCBA8DC-DD4C-4FCF-9A2C-536ECEF0F1B9}.Release|iPhoneSimulator.Deploy.0 = Release|iPhoneSimulator
		{358242BC-4010-47AF-B915-754D039DB066}.Debug|Any CPU.ActiveCfg = Debug|Any CPU
		{358242BC-4010-47AF-B915-754D039DB066}.Debug|Any CPU.Build.0 = Debug|Any CPU
		{358242BC-4010-47AF-B915-754D039DB066}.Debug|Any CPU.Deploy.0 = Debug|Any CPU
		{358242BC-4010-47AF-B915-754D039DB066}.Debug|iPhone.ActiveCfg = Debug|Any CPU
		{358242BC-4010-47AF-B915-754D039DB066}.Debug|iPhone.Build.0 = Debug|Any CPU
		{358242BC-4010-47AF-B915-754D039DB066}.Debug|iPhone.Deploy.0 = Debug|Any CPU
		{358242BC-4010-47AF-B915-754D039DB066}.Debug|iPhoneSimulator.ActiveCfg = Debug|Any CPU
		{358242BC-4010-47AF-B915-754D039DB066}.Debug|iPhoneSimulator.Build.0 = Debug|Any CPU
		{358242BC-4010-47AF-B915-754D039DB066}.Debug|iPhoneSimulator.Deploy.0 = Debug|Any CPU
		{358242BC-4010-47AF-B915-754D039DB066}.Release|Any CPU.ActiveCfg = Release|Any CPU
		{358242BC-4010-47AF-B915-754D039DB066}.Release|Any CPU.Build.0 = Release|Any CPU
		{358242BC-4010-47AF-B915-754D039DB066}.Release|Any CPU.Deploy.0 = Release|Any CPU
		{358242BC-4010-47AF-B915-754D039DB066}.Release|iPhone.ActiveCfg = Release|Any CPU
		{358242BC-4010-47AF-B915-754D039DB066}.Release|iPhone.Build.0 = Release|Any CPU
		{358242BC-4010-47AF-B915-754D039DB066}.Release|iPhone.Deploy.0 = Release|Any CPU
		{358242BC-4010-47AF-B915-754D039DB066}.Release|iPhoneSimulator.ActiveCfg = Release|Any CPU
		{358242BC-4010-47AF-B915-754D039DB066}.Release|iPhoneSimulator.Build.0 = Release|Any CPU
		{358242BC-4010-47AF-B915-754D039DB066}.Release|iPhoneSimulator.Deploy.0 = Release|Any CPU
	EndGlobalSection
	GlobalSection(SolutionProperties) = preSolution
		HideSolutionNode = FALSE
	EndGlobalSection
	GlobalSection(ExtensibilityGlobals) = postSolution
		SolutionGuid = {844C251A-66FC-463C-B0C3-EBE3FF6F019F}
	EndGlobalSection
EndGlobal
